
Microsoft Visual Studio Solution File, Format Version 12.00
# Visual Studio Version 17
VisualStudioVersion = 17.0.31903.59
MinimumVisualStudioVersion = 10.0.40219.1
Project("{FAE04EC0-301F-11D3-BF4B-00C04F79EFBC}") = "WrapPassword", "WrapPassword.csproj", "{F83B4FA0-3B36-476F-9B5F-1204DA7E2ADD}"
EndProject
Project("{2150E333-8FDC-42A3-9474-1A3956D46DE8}") = "src", "src", "{827E0CD3-B72D-47B6-A68D-7590B98EB39B}"
EndProject
Project("{FAE04EC0-301F-11D3-BF4B-00C04F79EFBC}") = "WrapPassword.Domain", "src\WrapPassword.Domain\WrapPassword.Domain.csproj", "{CFA5D7A7-51D8-41B2-AE60-5555773CA4B9}"
EndProject
Project("{FAE04EC0-301F-11D3-BF4B-00C04F79EFBC}") = "WrapPassword.Application", "src\WrapPassword.Application\WrapPassword.Application.csproj", "{EB296F6D-0CC8-40FC-B041-AED9EDC495DB}"
EndProject
Project("{FAE04EC0-301F-11D3-BF4B-00C04F79EFBC}") = "WrapPassword.Infrastructure", "src\WrapPassword.Infrastructure\WrapPassword.Infrastructure.csproj", "{20C13386-A83B-40A8-B022-3AE8FA45758A}"
EndProject
Project("{FAE04EC0-301F-11D3-BF4B-00C04F79EFBC}") = "WrapPassword.Cli", "src\WrapPassword.Cli\WrapPassword.Cli.csproj", "{BC61CB2F-CDEC-4479-A670-41AE689B3E98}"
EndProject
Project("{2150E333-8FDC-42A3-9474-1A3956D46DE8}") = "WrapPassword.Tests", "WrapPassword.Tests", "{0AB3BF05-4346-4AA6-1389-037BE0695223}"
EndProject
Project("{FAE04EC0-301F-11D3-BF4B-00C04F79EFBC}") = "WrapPassword.Application.UnitTests", "WrapPassword.Tests\WrapPassword.Application.UnitTests\WrapPassword.Application.UnitTests.csproj", "{BA7B1B39-2D51-4218-8ADE-F746B1C4995E}"
EndProject
Project("{FAE04EC0-301F-11D3-BF4B-00C04F79EFBC}") = "WrapPassword.IntegrationTests", "WrapPassword.Tests\WrapPassword.IntegrationTests\WrapPassword.IntegrationTests.csproj", "{BDBD2463-A388-4CD8-B520-41E28A6C9F3B}"
EndProject
Project("{FAE04EC0-301F-11D3-BF4B-00C04F79EFBC}") = "WrapPassword.RegressionTests", "WrapPassword.Tests\WrapPassword.RegressionTests\WrapPassword.RegressionTests.csproj", "{DE763B9B-A07E-4094-AA22-61C5EC59137E}"
EndProject
Global
	GlobalSection(SolutionConfigurationPlatforms) = preSolution
		Debug|Any CPU = Debug|Any CPU
		Debug|x64 = Debug|x64
		Debug|x86 = Debug|x86
		Release|Any CPU = Release|Any CPU
		Release|x64 = Release|x64
		Release|x86 = Release|x86
	EndGlobalSection
	GlobalSection(ProjectConfigurationPlatforms) = postSolution
		{F83B4FA0-3B36-476F-9B5F-1204DA7E2ADD}.Debug|Any CPU.ActiveCfg = Debug|Any CPU
		{F83B4FA0-3B36-476F-9B5F-1204DA7E2ADD}.Debug|Any CPU.Build.0 = Debug|Any CPU
		{F83B4FA0-3B36-476F-9B5F-1204DA7E2ADD}.Debug|x64.ActiveCfg = Debug|Any CPU
		{F83B4FA0-3B36-476F-9B5F-1204DA7E2ADD}.Debug|x64.Build.0 = Debug|Any CPU
		{F83B4FA0-3B36-476F-9B5F-1204DA7E2ADD}.Debug|x86.ActiveCfg = Debug|Any CPU
		{F83B4FA0-3B36-476F-9B5F-1204DA7E2ADD}.Debug|x86.Build.0 = Debug|Any CPU
		{F83B4FA0-3B36-476F-9B5F-1204DA7E2ADD}.Release|Any CPU.ActiveCfg = Release|Any CPU
		{F83B4FA0-3B36-476F-9B5F-1204DA7E2ADD}.Release|Any CPU.Build.0 = Release|Any CPU
		{F83B4FA0-3B36-476F-9B5F-1204DA7E2ADD}.Release|x64.ActiveCfg = Release|Any CPU
		{F83B4FA0-3B36-476F-9B5F-1204DA7E2ADD}.Release|x64.Build.0 = Release|Any CPU
		{F83B4FA0-3B36-476F-9B5F-1204DA7E2ADD}.Release|x86.ActiveCfg = Release|Any CPU
		{F83B4FA0-3B36-476F-9B5F-1204DA7E2ADD}.Release|x86.Build.0 = Release|Any CPU
		{CFA5D7A7-51D8-41B2-AE60-5555773CA4B9}.Debug|Any CPU.ActiveCfg = Debug|Any CPU
		{CFA5D7A7-51D8-41B2-AE60-5555773CA4B9}.Debug|Any CPU.Build.0 = Debug|Any CPU
		{CFA5D7A7-51D8-41B2-AE60-5555773CA4B9}.Debug|x64.ActiveCfg = Debug|Any CPU
		{CFA5D7A7-51D8-41B2-AE60-5555773CA4B9}.Debug|x64.Build.0 = Debug|Any CPU
		{CFA5D7A7-51D8-41B2-AE60-5555773CA4B9}.Debug|x86.ActiveCfg = Debug|Any CPU
		{CFA5D7A7-51D8-41B2-AE60-5555773CA4B9}.Debug|x86.Build.0 = Debug|Any CPU
		{CFA5D7A7-51D8-41B2-AE60-5555773CA4B9}.Release|Any CPU.ActiveCfg = Release|Any CPU
		{CFA5D7A7-51D8-41B2-AE60-5555773CA4B9}.Release|Any CPU.Build.0 = Release|Any CPU
		{CFA5D7A7-51D8-41B2-AE60-5555773CA4B9}.Release|x64.ActiveCfg = Release|Any CPU
		{CFA5D7A7-51D8-41B2-AE60-5555773CA4B9}.Release|x64.Build.0 = Release|Any CPU
		{CFA5D7A7-51D8-41B2-AE60-5555773CA4B9}.Release|x86.ActiveCfg = Release|Any CPU
		{CFA5D7A7-51D8-41B2-AE60-5555773CA4B9}.Release|x86.Build.0 = Release|Any CPU
		{EB296F6D-0CC8-40FC-B041-AED9EDC495DB}.Debug|Any CPU.ActiveCfg = Debug|Any CPU
		{EB296F6D-0CC8-40FC-B041-AED9EDC495DB}.Debug|Any CPU.Build.0 = Debug|Any CPU
		{EB296F6D-0CC8-40FC-B041-AED9EDC495DB}.Debug|x64.ActiveCfg = Debug|Any CPU
		{EB296F6D-0CC8-40FC-B041-AED9EDC495DB}.Debug|x64.Build.0 = Debug|Any CPU
		{EB296F6D-0CC8-40FC-B041-AED9EDC495DB}.Debug|x86.ActiveCfg = Debug|Any CPU
		{EB296F6D-0CC8-40FC-B041-AED9EDC495DB}.Debug|x86.Build.0 = Debug|Any CPU
		{EB296F6D-0CC8-40FC-B041-AED9EDC495DB}.Release|Any CPU.ActiveCfg = Release|Any CPU
		{EB296F6D-0CC8-40FC-B041-AED9EDC495DB}.Release|Any CPU.Build.0 = Release|Any CPU
		{EB296F6D-0CC8-40FC-B041-AED9EDC495DB}.Release|x64.ActiveCfg = Release|Any CPU
		{EB296F6D-0CC8-40FC-B041-AED9EDC495DB}.Release|x64.Build.0 = Release|Any CPU
		{EB296F6D-0CC8-40FC-B041-AED9EDC495DB}.Release|x86.ActiveCfg = Release|Any CPU
		{EB296F6D-0CC8-40FC-B041-AED9EDC495DB}.Release|x86.Build.0 = Release|Any CPU
		{20C13386-A83B-40A8-B022-3AE8FA45758A}.Debug|Any CPU.ActiveCfg = Debug|Any CPU
		{20C13386-A83B-40A8-B022-3AE8FA45758A}.Debug|Any CPU.Build.0 = Debug|Any CPU
		{20C13386-A83B-40A8-B022-3AE8FA45758A}.Debug|x64.ActiveCfg = Debug|Any CPU
		{20C13386-A83B-40A8-B022-3AE8FA45758A}.Debug|x64.Build.0 = Debug|Any CPU
		{20C13386-A83B-40A8-B022-3AE8FA45758A}.Debug|x86.ActiveCfg = Debug|Any CPU
		{20C13386-A83B-40A8-B022-3AE8FA45758A}.Debug|x86.Build.0 = Debug|Any CPU
		{20C13386-A83B-40A8-B022-3AE8FA45758A}.Release|Any CPU.ActiveCfg = Release|Any CPU
		{20C13386-A83B-40A8-B022-3AE8FA45758A}.Release|Any CPU.Build.0 = Release|Any CPU
		{20C13386-A83B-40A8-B022-3AE8FA45758A}.Release|x64.ActiveCfg = Release|Any CPU
		{20C13386-A83B-40A8-B022-3AE8FA45758A}.Release|x64.Build.0 = Release|Any CPU
		{20C13386-A83B-40A8-B022-3AE8FA45758A}.Release|x86.ActiveCfg = Release|Any CPU
		{20C13386-A83B-40A8-B022-3AE8FA45758A}.Release|x86.Build.0 = Release|Any CPU
		{BC61CB2F-CDEC-4479-A670-41AE689B3E98}.Debug|Any CPU.ActiveCfg = Debug|Any CPU
		{BC61CB2F-CDEC-4479-A670-41AE689B3E98}.Debug|Any CPU.Build.0 = Debug|Any CPU
		{BC61CB2F-CDEC-4479-A670-41AE689B3E98}.Debug|x64.ActiveCfg = Debug|Any CPU
		{BC61CB2F-CDEC-4479-A670-41AE689B3E98}.Debug|x64.Build.0 = Debug|Any CPU
		{BC61CB2F-CDEC-4479-A670-41AE689B3E98}.Debug|x86.ActiveCfg = Debug|Any CPU
		{BC61CB2F-CDEC-4479-A670-41AE689B3E98}.Debug|x86.Build.0 = Debug|Any CPU
		{BC61CB2F-CDEC-4479-A670-41AE689B3E98}.Release|Any CPU.ActiveCfg = Release|Any CPU
		{BC61CB2F-CDEC-4479-A670-41AE689B3E98}.Release|Any CPU.Build.0 = Release|Any CPU
		{BC61CB2F-CDEC-4479-A670-41AE689B3E98}.Release|x64.ActiveCfg = Release|Any CPU
		{BC61CB2F-CDEC-4479-A670-41AE689B3E98}.Release|x64.Build.0 = Release|Any CPU
		{BC61CB2F-CDEC-4479-A670-41AE689B3E98}.Release|x86.ActiveCfg = Release|Any CPU
		{BC61CB2F-CDEC-4479-A670-41AE689B3E98}.Release|x86.Build.0 = Release|Any CPU
		{BA7B1B39-2D51-4218-8ADE-F746B1C4995E}.Debug|Any CPU.ActiveCfg = Debug|Any CPU
		{BA7B1B39-2D51-4218-8ADE-F746B1C4995E}.Debug|Any CPU.Build.0 = Debug|Any CPU
		{BA7B1B39-2D51-4218-8ADE-F746B1C4995E}.Debug|x64.ActiveCfg = Debug|Any CPU
		{BA7B1B39-2D51-4218-8ADE-F746B1C4995E}.Debug|x64.Build.0 = Debug|Any CPU
		{BA7B1B39-2D51-4218-8ADE-F746B1C4995E}.Debug|x86.ActiveCfg = Debug|Any CPU
		{BA7B1B39-2D51-4218-8ADE-F746B1C4995E}.Debug|x86.Build.0 = Debug|Any CPU
		{BA7B1B39-2D51-4218-8ADE-F746B1C4995E}.Release|Any CPU.ActiveCfg = Release|Any CPU
		{BA7B1B39-2D51-4218-8ADE-F746B1C4995E}.Release|Any CPU.Build.0 = Release|Any CPU
		{BA7B1B39-2D51-4218-8ADE-F746B1C4995E}.Release|x64.ActiveCfg = Release|Any CPU
		{BA7B1B39-2D51-4218-8ADE-F746B1C4995E}.Release|x64.Build.0 = Release|Any CPU
		{BA7B1B39-2D51-4218-8ADE-F746B1C4995E}.Release|x86.ActiveCfg = Release|Any CPU
		{BA7B1B39-2D51-4218-8ADE-F746B1C4995E}.Release|x86.Build.0 = Release|Any CPU
		{BDBD2463-A388-4CD8-B520-41E28A6C9F3B}.Debug|Any CPU.ActiveCfg = Debug|Any CPU
		{BDBD2463-A388-4CD8-B520-41E28A6C9F3B}.Debug|Any CPU.Build.0 = Debug|Any CPU
		{BDBD2463-A388-4CD8-B520-41E28A6C9F3B}.Debug|x64.ActiveCfg = Debug|Any CPU
		{BDBD2463-A388-4CD8-B520-41E28A6C9F3B}.Debug|x64.Build.0 = Debug|Any CPU
		{BDBD2463-A388-4CD8-B520-41E28A6C9F3B}.Debug|x86.ActiveCfg = Debug|Any CPU
		{BDBD2463-A388-4CD8-B520-41E28A6C9F3B}.Debug|x86.Build.0 = Debug|Any CPU
		{BDBD2463-A388-4CD8-B520-41E28A6C9F3B}.Release|Any CPU.ActiveCfg = Release|Any CPU
		{BDBD2463-A388-4CD8-B520-41E28A6C9F3B}.Release|Any CPU.Build.0 = Release|Any CPU
		{BDBD2463-A388-4CD8-B520-41E28A6C9F3B}.Release|x64.ActiveCfg = Release|Any CPU
		{BDBD2463-A388-4CD8-B520-41E28A6C9F3B}.Release|x64.Build.0 = Release|Any CPU
		{BDBD2463-A388-4CD8-B520-41E28A6C9F3B}.Release|x86.ActiveCfg = Release|Any CPU
		{BDBD2463-A388-4CD8-B520-41E28A6C9F3B}.Release|x86.Build.0 = Release|Any CPU
		{DE763B9B-A07E-4094-AA22-61C5EC59137E}.Debug|Any CPU.ActiveCfg = Debug|Any CPU
		{DE763B9B-A07E-4094-AA22-61C5EC59137E}.Debug|Any CPU.Build.0 = Debug|Any CPU
		{DE763B9B-A07E-4094-AA22-61C5EC59137E}.Debug|x64.ActiveCfg = Debug|Any CPU
		{DE763B9B-A07E-4094-AA22-61C5EC59137E}.Debug|x64.Build.0 = Debug|Any CPU
		{DE763B9B-A07E-4094-AA22-61C5EC59137E}.Debug|x86.ActiveCfg = Debug|Any CPU
		{DE763B9B-A07E-4094-AA22-61C5EC59137E}.Debug|x86.Build.0 = Debug|Any CPU
		{DE763B9B-A07E-4094-AA22-61C5EC59137E}.Release|Any CPU.ActiveCfg = Release|Any CPU
		{DE763B9B-A07E-4094-AA22-61C5EC59137E}.Release|Any CPU.Build.0 = Release|Any CPU
		{DE763B9B-A07E-4094-AA22-61C5EC59137E}.Release|x64.ActiveCfg = Release|Any CPU
		{DE763B9B-A07E-4094-AA22-61C5EC59137E}.Release|x64.Build.0 = Release|Any CPU
		{DE763B9B-A07E-4094-AA22-61C5EC59137E}.Release|x86.ActiveCfg = Release|Any CPU
		{DE763B9B-A07E-4094-AA22-61C5EC59137E}.Release|x86.Build.0 = Release|Any CPU
	EndGlobalSection
	GlobalSection(SolutionProperties) = preSolution
		HideSolutionNode = FALSE
	EndGlobalSection
	GlobalSection(NestedProjects) = preSolution
		{CFA5D7A7-51D8-41B2-AE60-5555773CA4B9} = {827E0CD3-B72D-47B6-A68D-7590B98EB39B}
		{EB296F6D-0CC8-40FC-B041-AED9EDC495DB} = {827E0CD3-B72D-47B6-A68D-7590B98EB39B}
		{20C13386-A83B-40A8-B022-3AE8FA45758A} = {827E0CD3-B72D-47B6-A68D-7590B98EB39B}
		{BC61CB2F-CDEC-4479-A670-41AE689B3E98} = {827E0CD3-B72D-47B6-A68D-7590B98EB39B}
		{BA7B1B39-2D51-4218-8ADE-F746B1C4995E} = {0AB3BF05-4346-4AA6-1389-037BE0695223}
		{BDBD2463-A388-4CD8-B520-41E28A6C9F3B} = {0AB3BF05-4346-4AA6-1389-037BE0695223}
		{DE763B9B-A07E-4094-AA22-61C5EC59137E} = {0AB3BF05-4346-4AA6-1389-037BE0695223}
	EndGlobalSection
EndGlobal
